// !$*UTF8*$!
{
	archiveVersion = 1;
	classes = {
	};
	objectVersion = 50;
	objects = {

/* Begin PBXBuildFile section */
		B69E5B2F225B1DC60084A496 /* CAEmitterLayerVC.m in Sources */ = {isa = PBXBuildFile; fileRef = B69E5B2E225B1DC60084A496 /* CAEmitterLayerVC.m */; };
		B6ADBE2C224B4BD20001F3F3 /* AppDelegate.m in Sources */ = {isa = PBXBuildFile; fileRef = B6ADBE2B224B4BD20001F3F3 /* AppDelegate.m */; };
		B6ADBE2F224B4BD20001F3F3 /* ViewController.m in Sources */ = {isa = PBXBuildFile; fileRef = B6ADBE2E224B4BD20001F3F3 /* ViewController.m */; };
		B6ADBE32224B4BD20001F3F3 /* Main.storyboard in Resources */ = {isa = PBXBuildFile; fileRef = B6ADBE30224B4BD20001F3F3 /* Main.storyboard */; };
		B6ADBE34224B4BD70001F3F3 /* Assets.xcassets in Resources */ = {isa = PBXBuildFile; fileRef = B6ADBE33224B4BD70001F3F3 /* Assets.xcassets */; };
		B6ADBE37224B4BD70001F3F3 /* LaunchScreen.storyboard in Resources */ = {isa = PBXBuildFile; fileRef = B6ADBE35224B4BD70001F3F3 /* LaunchScreen.storyboard */; };
		B6ADBE3A224B4BD70001F3F3 /* main.m in Sources */ = {isa = PBXBuildFile; fileRef = B6ADBE39224B4BD70001F3F3 /* main.m */; };
		B6ADBE42224B7B030001F3F3 /* UIAnimationViewController.m in Sources */ = {isa = PBXBuildFile; fileRef = B6ADBE41224B7B030001F3F3 /* UIAnimationViewController.m */; };
		B6ADBE45224C79290001F3F3 /* CAAnimationVC.m in Sources */ = {isa = PBXBuildFile; fileRef = B6ADBE44224C79290001F3F3 /* CAAnimationVC.m */; };
		B6ADBE48224F4D630001F3F3 /* UIImageViewController.m in Sources */ = {isa = PBXBuildFile; fileRef = B6ADBE47224F4D630001F3F3 /* UIImageViewController.m */; };
		B6C0926E22545C42001324CD /* cat_angry0020.jpg in Resources */ = {isa = PBXBuildFile; fileRef = B6C0925422545C42001324CD /* cat_angry0020.jpg */; };
		B6C0926F22545C42001324CD /* cat_angry0008.jpg in Resources */ = {isa = PBXBuildFile; fileRef = B6C0925522545C42001324CD /* cat_angry0008.jpg */; };
		B6C0927022545C42001324CD /* cat_angry0009.jpg in Resources */ = {isa = PBXBuildFile; fileRef = B6C0925622545C42001324CD /* cat_angry0009.jpg */; };
		B6C0927122545C42001324CD /* cat_angry0021.jpg in Resources */ = {isa = PBXBuildFile; fileRef = B6C0925722545C42001324CD /* cat_angry0021.jpg */; };
		B6C0927222545C42001324CD /* cat_angry0023.jpg in Resources */ = {isa = PBXBuildFile; fileRef = B6C0925822545C42001324CD /* cat_angry0023.jpg */; };
		B6C0927322545C42001324CD /* cat_angry0022.jpg in Resources */ = {isa = PBXBuildFile; fileRef = B6C0925922545C42001324CD /* cat_angry0022.jpg */; };
		B6C0927422545C42001324CD /* cat_angry0019.jpg in Resources */ = {isa = PBXBuildFile; fileRef = B6C0925A22545C42001324CD /* cat_angry0019.jpg */; };
		B6C0927522545C42001324CD /* cat_angry0025.jpg in Resources */ = {isa = PBXBuildFile; fileRef = B6C0925B22545C42001324CD /* cat_angry0025.jpg */; };
		B6C0927622545C42001324CD /* cat_angry0024.jpg in Resources */ = {isa = PBXBuildFile; fileRef = B6C0925C22545C42001324CD /* cat_angry0024.jpg */; };
		B6C0927722545C42001324CD /* cat_angry0018.jpg in Resources */ = {isa = PBXBuildFile; fileRef = B6C0925D22545C42001324CD /* cat_angry0018.jpg */; };
		B6C0927822545C42001324CD /* cat_angry0015.jpg in Resources */ = {isa = PBXBuildFile; fileRef = B6C0925E22545C42001324CD /* cat_angry0015.jpg */; };
		B6C0927922545C42001324CD /* cat_angry0001.jpg in Resources */ = {isa = PBXBuildFile; fileRef = B6C0925F22545C42001324CD /* cat_angry0001.jpg */; };
		B6C0927A22545C42001324CD /* cat_angry0000.jpg in Resources */ = {isa = PBXBuildFile; fileRef = B6C0926022545C42001324CD /* cat_angry0000.jpg */; };
		B6C0927B22545C42001324CD /* cat_angry0014.jpg in Resources */ = {isa = PBXBuildFile; fileRef = B6C0926122545C42001324CD /* cat_angry0014.jpg */; };
		B6C0927C22545C42001324CD /* cat_angry0002.jpg in Resources */ = {isa = PBXBuildFile; fileRef = B6C0926222545C42001324CD /* cat_angry0002.jpg */; };
		B6C0927D22545C42001324CD /* cat_angry0016.jpg in Resources */ = {isa = PBXBuildFile; fileRef = B6C0926322545C42001324CD /* cat_angry0016.jpg */; };
		B6C0927E22545C42001324CD /* cat_angry0017.jpg in Resources */ = {isa = PBXBuildFile; fileRef = B6C0926422545C42001324CD /* cat_angry0017.jpg */; };
		B6C0927F22545C42001324CD /* cat_angry0003.jpg in Resources */ = {isa = PBXBuildFile; fileRef = B6C0926522545C42001324CD /* cat_angry0003.jpg */; };
		B6C0928022545C42001324CD /* cat_angry0007.jpg in Resources */ = {isa = PBXBuildFile; fileRef = B6C0926622545C42001324CD /* cat_angry0007.jpg */; };
		B6C0928122545C42001324CD /* cat_angry0013.jpg in Resources */ = {isa = PBXBuildFile; fileRef = B6C0926722545C42001324CD /* cat_angry0013.jpg */; };
		B6C0928222545C42001324CD /* cat_angry0012.jpg in Resources */ = {isa = PBXBuildFile; fileRef = B6C0926822545C42001324CD /* cat_angry0012.jpg */; };
		B6C0928322545C42001324CD /* cat_angry0006.jpg in Resources */ = {isa = PBXBuildFile; fileRef = B6C0926922545C42001324CD /* cat_angry0006.jpg */; };
		B6C0928422545C42001324CD /* cat_angry0010.jpg in Resources */ = {isa = PBXBuildFile; fileRef = B6C0926A22545C42001324CD /* cat_angry0010.jpg */; };
		B6C0928522545C42001324CD /* cat_angry0004.jpg in Resources */ = {isa = PBXBuildFile; fileRef = B6C0926B22545C42001324CD /* cat_angry0004.jpg */; };
		B6C0928622545C42001324CD /* cat_angry0005.jpg in Resources */ = {isa = PBXBuildFile; fileRef = B6C0926C22545C42001324CD /* cat_angry0005.jpg */; };
		B6C0928722545C42001324CD /* cat_angry0011.jpg in Resources */ = {isa = PBXBuildFile; fileRef = B6C0926D22545C42001324CD /* cat_angry0011.jpg */; };
		F5CF0A66FE0F50A169B37138 /* Pods_AnimationDemo.framework in Frameworks */ = {isa = PBXBuildFile; fileRef = 563CE36688ABDB7144A172D0 /* Pods_AnimationDemo.framework */; };
/* End PBXBuildFile section */

/* Begin PBXFileReference section */
		097C7BF2804982C8FE74343D /* Pods-AnimationDemo.release.xcconfig */ = {isa = PBXFileReference; includeInIndex = 1; lastKnownFileType = text.xcconfig; name = "Pods-AnimationDemo.release.xcconfig"; path = "Pods/Target Support Files/Pods-AnimationDemo/Pods-AnimationDemo.release.xcconfig"; sourceTree = "<group>"; };
		563CE36688ABDB7144A172D0 /* Pods_AnimationDemo.framework */ = {isa = PBXFileReference; explicitFileType = wrapper.framework; includeInIndex = 0; path = Pods_AnimationDemo.framework; sourceTree = BUILT_PRODUCTS_DIR; };
		999FEEBB573B698DFBAED90B /* Pods-AnimationDemo.debug.xcconfig */ = {isa = PBXFileReference; includeInIndex = 1; lastKnownFileType = text.xcconfig; name = "Pods-AnimationDemo.debug.xcconfig"; path = "Pods/Target Support Files/Pods-AnimationDemo/Pods-AnimationDemo.debug.xcconfig"; sourceTree = "<group>"; };
		B69E5B2D225B1DC60084A496 /* CAEmitterLayerVC.h */ = {isa = PBXFileReference; lastKnownFileType = sourcecode.c.h; path = CAEmitterLayerVC.h; sourceTree = "<group>"; };
		B69E5B2E225B1DC60084A496 /* CAEmitterLayerVC.m */ = {isa = PBXFileReference; lastKnownFileType = sourcecode.c.objc; path = CAEmitterLayerVC.m; sourceTree = "<group>"; };
		B6ADBE27224B4BD20001F3F3 /* AnimationDemo.app */ = {isa = PBXFileReference; explicitFileType = wrapper.application; includeInIndex = 0; path = AnimationDemo.app; sourceTree = BUILT_PRODUCTS_DIR; };
		B6ADBE2A224B4BD20001F3F3 /* AppDelegate.h */ = {isa = PBXFileReference; lastKnownFileType = sourcecode.c.h; path = AppDelegate.h; sourceTree = "<group>"; };
		B6ADBE2B224B4BD20001F3F3 /* AppDelegate.m */ = {isa = PBXFileReference; lastKnownFileType = sourcecode.c.objc; path = AppDelegate.m; sourceTree = "<group>"; };
		B6ADBE2D224B4BD20001F3F3 /* ViewController.h */ = {isa = PBXFileReference; lastKnownFileType = sourcecode.c.h; path = ViewController.h; sourceTree = "<group>"; };
		B6ADBE2E224B4BD20001F3F3 /* ViewController.m */ = {isa = PBXFileReference; lastKnownFileType = sourcecode.c.objc; path = ViewController.m; sourceTree = "<group>"; };
		B6ADBE31224B4BD20001F3F3 /* Base */ = {isa = PBXFileReference; lastKnownFileType = file.storyboard; name = Base; path = Base.lproj/Main.storyboard; sourceTree = "<group>"; };
		B6ADBE33224B4BD70001F3F3 /* Assets.xcassets */ = {isa = PBXFileReference; lastKnownFileType = folder.assetcatalog; path = Assets.xcassets; sourceTree = "<group>"; };
		B6ADBE36224B4BD70001F3F3 /* Base */ = {isa = PBXFileReference; lastKnownFileType = file.storyboard; name = Base; path = Base.lproj/LaunchScreen.storyboard; sourceTree = "<group>"; };
		B6ADBE38224B4BD70001F3F3 /* Info.plist */ = {isa = PBXFileReference; lastKnownFileType = text.plist.xml; path = Info.plist; sourceTree = "<group>"; };
		B6ADBE39224B4BD70001F3F3 /* main.m */ = {isa = PBXFileReference; lastKnownFileType = sourcecode.c.objc; path = main.m; sourceTree = "<group>"; };
		B6ADBE40224B7B030001F3F3 /* UIAnimationViewController.h */ = {isa = PBXFileReference; lastKnownFileType = sourcecode.c.h; path = UIAnimationViewController.h; sourceTree = "<group>"; };
		B6ADBE41224B7B030001F3F3 /* UIAnimationViewController.m */ = {isa = PBXFileReference; lastKnownFileType = sourcecode.c.objc; path = UIAnimationViewController.m; sourceTree = "<group>"; };
		B6ADBE43224C79290001F3F3 /* CAAnimationVC.h */ = {isa = PBXFileReference; lastKnownFileType = sourcecode.c.h; path = CAAnimationVC.h; sourceTree = "<group>"; };
		B6ADBE44224C79290001F3F3 /* CAAnimationVC.m */ = {isa = PBXFileReference; lastKnownFileType = sourcecode.c.objc; path = CAAnimationVC.m; sourceTree = "<group>"; };
		B6ADBE46224F4D630001F3F3 /* UIImageViewController.h */ = {isa = PBXFileReference; lastKnownFileType = sourcecode.c.h; path = UIImageViewController.h; sourceTree = "<group>"; };
		B6ADBE47224F4D630001F3F3 /* UIImageViewController.m */ = {isa = PBXFileReference; lastKnownFileType = sourcecode.c.objc; path = UIImageViewController.m; sourceTree = "<group>"; };
		B6C0925422545C42001324CD /* cat_angry0020.jpg */ = {isa = PBXFileReference; lastKnownFileType = image.jpeg; path = cat_angry0020.jpg; sourceTree = "<group>"; };
		B6C0925522545C42001324CD /* cat_angry0008.jpg */ = {isa = PBXFileReference; lastKnownFileType = image.jpeg; path = cat_angry0008.jpg; sourceTree = "<group>"; };
		B6C0925622545C42001324CD /* cat_angry0009.jpg */ = {isa = PBXFileReference; lastKnownFileType = image.jpeg; path = cat_angry0009.jpg; sourceTree = "<group>"; };
		B6C0925722545C42001324CD /* cat_angry0021.jpg */ = {isa = PBXFileReference; lastKnownFileType = image.jpeg; path = cat_angry0021.jpg; sourceTree = "<group>"; };
		B6C0925822545C42001324CD /* cat_angry0023.jpg */ = {isa = PBXFileReference; lastKnownFileType = image.jpeg; path = cat_angry0023.jpg; sourceTree = "<group>"; };
		B6C0925922545C42001324CD /* cat_angry0022.jpg */ = {isa = PBXFileReference; lastKnownFileType = image.jpeg; path = cat_angry0022.jpg; sourceTree = "<group>"; };
		B6C0925A22545C42001324CD /* cat_angry0019.jpg */ = {isa = PBXFileReference; lastKnownFileType = image.jpeg; path = cat_angry0019.jpg; sourceTree = "<group>"; };
		B6C0925B22545C42001324CD /* cat_angry0025.jpg */ = {isa = PBXFileReference; lastKnownFileType = image.jpeg; path = cat_angry0025.jpg; sourceTree = "<group>"; };
		B6C0925C22545C42001324CD /* cat_angry0024.jpg */ = {isa = PBXFileReference; lastKnownFileType = image.jpeg; path = cat_angry0024.jpg; sourceTree = "<group>"; };
		B6C0925D22545C42001324CD /* cat_angry0018.jpg */ = {isa = PBXFileReference; lastKnownFileType = image.jpeg; path = cat_angry0018.jpg; sourceTree = "<group>"; };
		B6C0925E22545C42001324CD /* cat_angry0015.jpg */ = {isa = PBXFileReference; lastKnownFileType = image.jpeg; path = cat_angry0015.jpg; sourceTree = "<group>"; };
		B6C0925F22545C42001324CD /* cat_angry0001.jpg */ = {isa = PBXFileReference; lastKnownFileType = image.jpeg; path = cat_angry0001.jpg; sourceTree = "<group>"; };
		B6C0926022545C42001324CD /* cat_angry0000.jpg */ = {isa = PBXFileReference; lastKnownFileType = image.jpeg; path = cat_angry0000.jpg; sourceTree = "<group>"; };
		B6C0926122545C42001324CD /* cat_angry0014.jpg */ = {isa = PBXFileReference; lastKnownFileType = image.jpeg; path = cat_angry0014.jpg; sourceTree = "<group>"; };
		B6C0926222545C42001324CD /* cat_angry0002.jpg */ = {isa = PBXFileReference; lastKnownFileType = image.jpeg; path = cat_angry0002.jpg; sourceTree = "<group>"; };
		B6C0926322545C42001324CD /* cat_angry0016.jpg */ = {isa = PBXFileReference; lastKnownFileType = image.jpeg; path = cat_angry0016.jpg; sourceTree = "<group>"; };
		B6C0926422545C42001324CD /* cat_angry0017.jpg */ = {isa = PBXFileReference; lastKnownFileType = image.jpeg; path = cat_angry0017.jpg; sourceTree = "<group>"; };
		B6C0926522545C42001324CD /* cat_angry0003.jpg */ = {isa = PBXFileReference; lastKnownFileType = image.jpeg; path = cat_angry0003.jpg; sourceTree = "<group>"; };
		B6C0926622545C42001324CD /* cat_angry0007.jpg */ = {isa = PBXFileReference; lastKnownFileType = image.jpeg; path = cat_angry0007.jpg; sourceTree = "<group>"; };
		B6C0926722545C42001324CD /* cat_angry0013.jpg */ = {isa = PBXFileReference; lastKnownFileType = image.jpeg; path = cat_angry0013.jpg; sourceTree = "<group>"; };
		B6C0926822545C42001324CD /* cat_angry0012.jpg */ = {isa = PBXFileReference; lastKnownFileType = image.jpeg; path = cat_angry0012.jpg; sourceTree = "<group>"; };
		B6C0926922545C42001324CD /* cat_angry0006.jpg */ = {isa = PBXFileReference; lastKnownFileType = image.jpeg; path = cat_angry0006.jpg; sourceTree = "<group>"; };
		B6C0926A22545C42001324CD /* cat_angry0010.jpg */ = {isa = PBXFileReference; lastKnownFileType = image.jpeg; path = cat_angry0010.jpg; sourceTree = "<group>"; };
		B6C0926B22545C42001324CD /* cat_angry0004.jpg */ = {isa = PBXFileReference; lastKnownFileType = image.jpeg; path = cat_angry0004.jpg; sourceTree = "<group>"; };
		B6C0926C22545C42001324CD /* cat_angry0005.jpg */ = {isa = PBXFileReference; lastKnownFileType = image.jpeg; path = cat_angry0005.jpg; sourceTree = "<group>"; };
		B6C0926D22545C42001324CD /* cat_angry0011.jpg */ = {isa = PBXFileReference; lastKnownFileType = image.jpeg; path = cat_angry0011.jpg; sourceTree = "<group>"; };
/* End PBXFileReference section */

/* Begin PBXFrameworksBuildPhase section */
		B6ADBE24224B4BD20001F3F3 /* Frameworks */ = {
			isa = PBXFrameworksBuildPhase;
			buildActionMask = 2147483647;
			files = (
				F5CF0A66FE0F50A169B37138 /* Pods_AnimationDemo.framework in Frameworks */,
			);
			runOnlyForDeploymentPostprocessing = 0;
		};
/* End PBXFrameworksBuildPhase section */

/* Begin PBXGroup section */
		3010B3E4B3390395478BBFA3 /* Frameworks */ = {
			isa = PBXGroup;
			children = (
				563CE36688ABDB7144A172D0 /* Pods_AnimationDemo.framework */,
			);
			name = Frameworks;
			sourceTree = "<group>";
		};
		B6ADBE1E224B4BD20001F3F3 = {
			isa = PBXGroup;
			children = (
				B6ADBE29224B4BD20001F3F3 /* AnimationDemo */,
				B6ADBE28224B4BD20001F3F3 /* Products */,
				F2D6C7FF2FF5B45B17CCDD9F /* Pods */,
				3010B3E4B3390395478BBFA3 /* Frameworks */,
			);
			sourceTree = "<group>";
		};
		B6ADBE28224B4BD20001F3F3 /* Products */ = {
			isa = PBXGroup;
			children = (
				B6ADBE27224B4BD20001F3F3 /* AnimationDemo.app */,
			);
			name = Products;
			sourceTree = "<group>";
		};
		B6ADBE29224B4BD20001F3F3 /* AnimationDemo */ = {
			isa = PBXGroup;
			children = (
				B6C0925322545C42001324CD /* angry-tail */,
				B6ADBE2A224B4BD20001F3F3 /* AppDelegate.h */,
				B6ADBE2B224B4BD20001F3F3 /* AppDelegate.m */,
				B6ADBE2D224B4BD20001F3F3 /* ViewController.h */,
				B6ADBE2E224B4BD20001F3F3 /* ViewController.m */,
				B6ADBE40224B7B030001F3F3 /* UIAnimationViewController.h */,
				B6ADBE41224B7B030001F3F3 /* UIAnimationViewController.m */,
				B6ADBE43224C79290001F3F3 /* CAAnimationVC.h */,
				B6ADBE44224C79290001F3F3 /* CAAnimationVC.m */,
				B6ADBE46224F4D630001F3F3 /* UIImageViewController.h */,
				B6ADBE47224F4D630001F3F3 /* UIImageViewController.m */,
				B69E5B2D225B1DC60084A496 /* CAEmitterLayerVC.h */,
				B69E5B2E225B1DC60084A496 /* CAEmitterLayerVC.m */,
				B6ADBE30224B4BD20001F3F3 /* Main.storyboard */,
				B6ADBE33224B4BD70001F3F3 /* Assets.xcassets */,
				B6ADBE35224B4BD70001F3F3 /* LaunchScreen.storyboard */,
				B6ADBE38224B4BD70001F3F3 /* Info.plist */,
				B6ADBE39224B4BD70001F3F3 /* main.m */,
			);
			path = AnimationDemo;
			sourceTree = "<group>";
		};
		B6C0925322545C42001324CD /* angry-tail */ = {
			isa = PBXGroup;
			children = (
				B6C0926022545C42001324CD /* cat_angry0000.jpg */,
				B6C0925F22545C42001324CD /* cat_angry0001.jpg */,
				B6C0926222545C42001324CD /* cat_angry0002.jpg */,
				B6C0926522545C42001324CD /* cat_angry0003.jpg */,
				B6C0926B22545C42001324CD /* cat_angry0004.jpg */,
				B6C0926C22545C42001324CD /* cat_angry0005.jpg */,
				B6C0926922545C42001324CD /* cat_angry0006.jpg */,
				B6C0926622545C42001324CD /* cat_angry0007.jpg */,
				B6C0925522545C42001324CD /* cat_angry0008.jpg */,
				B6C0925622545C42001324CD /* cat_angry0009.jpg */,
				B6C0926A22545C42001324CD /* cat_angry0010.jpg */,
				B6C0926D22545C42001324CD /* cat_angry0011.jpg */,
				B6C0926822545C42001324CD /* cat_angry0012.jpg */,
				B6C0926722545C42001324CD /* cat_angry0013.jpg */,
				B6C0926122545C42001324CD /* cat_angry0014.jpg */,
				B6C0925E22545C42001324CD /* cat_angry0015.jpg */,
				B6C0926322545C42001324CD /* cat_angry0016.jpg */,
				B6C0926422545C42001324CD /* cat_angry0017.jpg */,
				B6C0925D22545C42001324CD /* cat_angry0018.jpg */,
				B6C0925A22545C42001324CD /* cat_angry0019.jpg */,
				B6C0925422545C42001324CD /* cat_angry0020.jpg */,
				B6C0925722545C42001324CD /* cat_angry0021.jpg */,
				B6C0925922545C42001324CD /* cat_angry0022.jpg */,
				B6C0925822545C42001324CD /* cat_angry0023.jpg */,
				B6C0925C22545C42001324CD /* cat_angry0024.jpg */,
				B6C0925B22545C42001324CD /* cat_angry0025.jpg */,
			);
			path = "angry-tail";
			sourceTree = "<group>";
		};
		F2D6C7FF2FF5B45B17CCDD9F /* Pods */ = {
			isa = PBXGroup;
			children = (
				999FEEBB573B698DFBAED90B /* Pods-AnimationDemo.debug.xcconfig */,
				097C7BF2804982C8FE74343D /* Pods-AnimationDemo.release.xcconfig */,
			);
			name = Pods;
			sourceTree = "<group>";
		};
/* End PBXGroup section */

/* Begin PBXNativeTarget section */
		B6ADBE26224B4BD20001F3F3 /* AnimationDemo */ = {
			isa = PBXNativeTarget;
			buildConfigurationList = B6ADBE3D224B4BD70001F3F3 /* Build configuration list for PBXNativeTarget "AnimationDemo" */;
			buildPhases = (
				69D0D205A7E5C76B79CBE525 /* [CP] Check Pods Manifest.lock */,
				B6ADBE23224B4BD20001F3F3 /* Sources */,
				B6ADBE24224B4BD20001F3F3 /* Frameworks */,
				B6ADBE25224B4BD20001F3F3 /* Resources */,
				815E61F2767F2951FCAD4A29 /* [CP] Embed Pods Frameworks */,
			);
			buildRules = (
			);
			dependencies = (
			);
			name = AnimationDemo;
			productName = AnimationDemo;
			productReference = B6ADBE27224B4BD20001F3F3 /* AnimationDemo.app */;
			productType = "com.apple.product-type.application";
		};
/* End PBXNativeTarget section */

/* Begin PBXProject section */
		B6ADBE1F224B4BD20001F3F3 /* Project object */ = {
			isa = PBXProject;
			attributes = {
				LastUpgradeCheck = 1010;
				ORGANIZATIONNAME = SGT;
				TargetAttributes = {
					B6ADBE26224B4BD20001F3F3 = {
						CreatedOnToolsVersion = 10.1;
					};
				};
			};
			buildConfigurationList = B6ADBE22224B4BD20001F3F3 /* Build configuration list for PBXProject "AnimationDemo" */;
			compatibilityVersion = "Xcode 9.3";
			developmentRegion = en;
			hasScannedForEncodings = 0;
			knownRegions = (
				en,
				Base,
			);
			mainGroup = B6ADBE1E224B4BD20001F3F3;
			productRefGroup = B6ADBE28224B4BD20001F3F3 /* Products */;
			projectDirPath = "";
			projectRoot = "";
			targets = (
				B6ADBE26224B4BD20001F3F3 /* AnimationDemo */,
			);
		};
/* End PBXProject section */

/* Begin PBXResourcesBuildPhase section */
		B6ADBE25224B4BD20001F3F3 /* Resources */ = {
			isa = PBXResourcesBuildPhase;
			buildActionMask = 2147483647;
			files = (
				B6C0927E22545C42001324CD /* cat_angry0017.jpg in Resources */,
				B6ADBE37224B4BD70001F3F3 /* LaunchScreen.storyboard in Resources */,
				B6ADBE34224B4BD70001F3F3 /* Assets.xcassets in Resources */,
				B6C0927C22545C42001324CD /* cat_angry0002.jpg in Resources */,
				B6C0928722545C42001324CD /* cat_angry0011.jpg in Resources */,
				B6C0927922545C42001324CD /* cat_angry0001.jpg in Resources */,
				B6C0928622545C42001324CD /* cat_angry0005.jpg in Resources */,
				B6C0928522545C42001324CD /* cat_angry0004.jpg in Resources */,
				B6C0927622545C42001324CD /* cat_angry0024.jpg in Resources */,
				B6C0927322545C42001324CD /* cat_angry0022.jpg in Resources */,
				B6C0928322545C42001324CD /* cat_angry0006.jpg in Resources */,
				B6C0927822545C42001324CD /* cat_angry0015.jpg in Resources */,
				B6C0926E22545C42001324CD /* cat_angry0020.jpg in Resources */,
				B6C0927722545C42001324CD /* cat_angry0018.jpg in Resources */,
				B6C0927A22545C42001324CD /* cat_angry0000.jpg in Resources */,
				B6C0928222545C42001324CD /* cat_angry0012.jpg in Resources */,
				B6C0928122545C42001324CD /* cat_angry0013.jpg in Resources */,
				B6C0928022545C42001324CD /* cat_angry0007.jpg in Resources */,
				B6C0926F22545C42001324CD /* cat_angry0008.jpg in Resources */,
				B6ADBE32224B4BD20001F3F3 /* Main.storyboard in Resources */,
				B6C0927422545C42001324CD /* cat_angry0019.jpg in Resources */,
				B6C0927D22545C42001324CD /* cat_angry0016.jpg in Resources */,
				B6C0928422545C42001324CD /* cat_angry0010.jpg in Resources */,
				B6C0927222545C42001324CD /* cat_angry0023.jpg in Resources */,
				B6C0927122545C42001324CD /* cat_angry0021.jpg in Resources */,
				B6C0927522545C42001324CD /* cat_angry0025.jpg in Resources */,
				B6C0927B22545C42001324CD /* cat_angry0014.jpg in Resources */,
				B6C0927022545C42001324CD /* cat_angry0009.jpg in Resources */,
				B6C0927F22545C42001324CD /* cat_angry0003.jpg in Resources */,
			);
			runOnlyForDeploymentPostprocessing = 0;
		};
/* End PBXResourcesBuildPhase section */

/* Begin PBXShellScriptBuildPhase section */
		69D0D205A7E5C76B79CBE525 /* [CP] Check Pods Manifest.lock */ = {
			isa = PBXShellScriptBuildPhase;
			buildActionMask = 2147483647;
			files = (
			);
			inputFileListPaths = (
			);
			inputPaths = (
				"${PODS_PODFILE_DIR_PATH}/Podfile.lock",
				"${PODS_ROOT}/Manifest.lock",
			);
			name = "[CP] Check Pods Manifest.lock";
			outputFileListPaths = (
			);
			outputPaths = (
				"$(DERIVED_FILE_DIR)/Pods-AnimationDemo-checkManifestLockResult.txt",
			);
			runOnlyForDeploymentPostprocessing = 0;
			shellPath = /bin/sh;
			shellScript = "diff \"${PODS_PODFILE_DIR_PATH}/Podfile.lock\" \"${PODS_ROOT}/Manifest.lock\" > /dev/null\nif [ $? != 0 ] ; then\n    # print error to STDERR\n    echo \"error: The sandbox is not in sync with the Podfile.lock. Run 'pod install' or update your CocoaPods installation.\" >&2\n    exit 1\nfi\n# This output is used by Xcode 'outputs' to avoid re-running this script phase.\necho \"SUCCESS\" > \"${SCRIPT_OUTPUT_FILE_0}\"\n";
			showEnvVarsInLog = 0;
		};
		815E61F2767F2951FCAD4A29 /* [CP] Embed Pods Frameworks */ = {
			isa = PBXShellScriptBuildPhase;
			buildActionMask = 2147483647;
			files = (
			);
			inputFileListPaths = (
			);
			inputPaths = (
				"${SRCROOT}/Pods/Target Support Files/Pods-AnimationDemo/Pods-AnimationDemo-frameworks.sh",
				"${BUILT_PRODUCTS_DIR}/SGTToolSDK/SGTToolSDK.framework",
			);
			name = "[CP] Embed Pods Frameworks";
			outputFileListPaths = (
			);
			outputPaths = (
				"${TARGET_BUILD_DIR}/${FRAMEWORKS_FOLDER_PATH}/SGTToolSDK.framework",
			);
			runOnlyForDeploymentPostprocessing = 0;
			shellPath = /bin/sh;
			shellScript = "\"${SRCROOT}/Pods/Target Support Files/Pods-AnimationDemo/Pods-AnimationDemo-frameworks.sh\"\n";
			showEnvVarsInLog = 0;
		};
/* End PBXShellScriptBuildPhase section */

/* Begin PBXSourcesBuildPhase section */
		B6ADBE23224B4BD20001F3F3 /* Sources */ = {
			isa = PBXSourcesBuildPhase;
			buildActionMask = 2147483647;
			files = (
				B6ADBE48224F4D630001F3F3 /* UIImageViewController.m in Sources */,
				B6ADBE2F224B4BD20001F3F3 /* ViewController.m in Sources */,
				B6ADBE3A224B4BD70001F3F3 /* main.m in Sources */,
				B6ADBE45224C79290001F3F3 /* CAAnimationVC.m in Sources */,
				B6ADBE2C224B4BD20001F3F3 /* AppDelegate.m in Sources */,
				B6ADBE42224B7B030001F3F3 /* UIAnimationViewController.m in Sources */,
				B69E5B2F225B1DC60084A496 /* CAEmitterLayerVC.m in Sources */,
			);
			runOnlyForDeploymentPostprocessing = 0;
		};
/* End PBXSourcesBuildPhase section */

/* Begin PBXVariantGroup section */
		B6ADBE30224B4BD20001F3F3 /* Main.storyboard */ = {
			isa = PBXVariantGroup;
			children = (
				B6ADBE31224B4BD20001F3F3 /* Base */,
			);
			name = Main.storyboard;
			sourceTree = "<group>";
		};
		B6ADBE35224B4BD70001F3F3 /* LaunchScreen.storyboard */ = {
			isa = PBXVariantGroup;
			children = (
				B6ADBE36224B4BD70001F3F3 /* Base */,
			);
			name = LaunchScreen.storyboard;
			sourceTree = "<group>";
		};
/* End PBXVariantGroup section */

/* Begin XCBuildConfiguration section */
		B6ADBE3B224B4BD70001F3F3 /* Debug */ = {
			isa = XCBuildConfiguration;
			buildSettings = {
				ALWAYS_SEARCH_USER_PATHS = NO;
				CLANG_ANALYZER_NONNULL = YES;
				CLANG_ANALYZER_NUMBER_OBJECT_CONVERSION = YES_AGGRESSIVE;
				CLANG_CXX_LANGUAGE_STANDARD = "gnu++14";
				CLANG_CXX_LIBRARY = "libc++";
				CLANG_ENABLE_MODULES = YES;
				CLANG_ENABLE_OBJC_ARC = YES;
				CLANG_ENABLE_OBJC_WEAK = YES;
				CLANG_WARN_BLOCK_CAPTURE_AUTORELEASING = YES;
				CLANG_WARN_BOOL_CONVERSION = YES;
				CLANG_WARN_COMMA = YES;
				CLANG_WARN_CONSTANT_CONVERSION = YES;
				CLANG_WARN_DEPRECATED_OBJC_IMPLEMENTATIONS = YES;
				CLANG_WARN_DIRECT_OBJC_ISA_USAGE = YES_ERROR;
				CLANG_WARN_DOCUMENTATION_COMMENTS = YES;
				CLANG_WARN_EMPTY_BODY = YES;
				CLANG_WARN_ENUM_CONVERSION = YES;
				CLANG_WARN_INFINITE_RECURSION = YES;
				CLANG_WARN_INT_CONVERSION = YES;
				CLANG_WARN_NON_LITERAL_NULL_CONVERSION = YES;
				CLANG_WARN_OBJC_IMPLICIT_RETAIN_SELF = YES;
				CLANG_WARN_OBJC_LITERAL_CONVERSION = YES;
				CLANG_WARN_OBJC_ROOT_CLASS = YES_ERROR;
				CLANG_WARN_RANGE_LOOP_ANALYSIS = YES;
				CLANG_WARN_STRICT_PROTOTYPES = YES;
				CLANG_WARN_SUSPICIOUS_MOVE = YES;
				CLANG_WARN_UNGUARDED_AVAILABILITY = YES_AGGRESSIVE;
				CLANG_WARN_UNREACHABLE_CODE = YES;
				CLANG_WARN__DUPLICATE_METHOD_MATCH = YES;
				CODE_SIGN_IDENTITY = "iPhone Developer";
				COPY_PHASE_STRIP = NO;
				DEBUG_INFORMATION_FORMAT = dwarf;
				ENABLE_STRICT_OBJC_MSGSEND = YES;
				ENABLE_TESTABILITY = YES;
				GCC_C_LANGUAGE_STANDARD = gnu11;
				GCC_DYNAMIC_NO_PIC = NO;
				GCC_NO_COMMON_BLOCKS = YES;
				GCC_OPTIMIZATION_LEVEL = 0;
				GCC_PREPROCESSOR_DEFINITIONS = (
					"DEBUG=1",
					"$(inherited)",
				);
				GCC_WARN_64_TO_32_BIT_CONVERSION = YES;
				GCC_WARN_ABOUT_RETURN_TYPE = YES_ERROR;
				GCC_WARN_UNDECLARED_SELECTOR = YES;
				GCC_WARN_UNINITIALIZED_AUTOS = YES_AGGRESSIVE;
				GCC_WARN_UNUSED_FUNCTION = YES;
				GCC_WARN_UNUSED_VARIABLE = YES;
				IPHONEOS_DEPLOYMENT_TARGET = 12.1;
				MTL_ENABLE_DEBUG_INFO = INCLUDE_SOURCE;
				MTL_FAST_MATH = YES;
				ONLY_ACTIVE_ARCH = YES;
				SDKROOT = iphoneos;
			};
			name = Debug;
		};
		B6ADBE3C224B4BD70001F3F3 /* Release */ = {
			isa = XCBuildConfiguration;
			buildSettings = {
				ALWAYS_SEARCH_USER_PATHS = NO;
				CLANG_ANALYZER_NONNULL = YES;
				CLANG_ANALYZER_NUMBER_OBJECT_CONVERSION = YES_AGGRESSIVE;
				CLANG_CXX_LANGUAGE_STANDARD = "gnu++14";
				CLANG_CXX_LIBRARY = "libc++";
				CLANG_ENABLE_MODULES = YES;
				CLANG_ENABLE_OBJC_ARC = YES;
				CLANG_ENABLE_OBJC_WEAK = YES;
				CLANG_WARN_BLOCK_CAPTURE_AUTORELEASING = YES;
				CLANG_WARN_BOOL_CONVERSION = YES;
				CLANG_WARN_COMMA = YES;
				CLANG_WARN_CONSTANT_CONVERSION = YES;
				CLANG_WARN_DEPRECATED_OBJC_IMPLEMENTATIONS = YES;
				CLANG_WARN_DIRECT_OBJC_ISA_USAGE = YES_ERROR;
				CLANG_WARN_DOCUMENTATION_COMMENTS = YES;
				CLANG_WARN_EMPTY_BODY = YES;
				CLANG_WARN_ENUM_CONVERSION = YES;
				CLANG_WARN_INFINITE_RECURSION = YES;
				CLANG_WARN_INT_CONVERSION = YES;
				CLANG_WARN_NON_LITERAL_NULL_CONVERSION = YES;
				CLANG_WARN_OBJC_IMPLICIT_RETAIN_SELF = YES;
				CLANG_WARN_OBJC_LITERAL_CONVERSION = YES;
				CLANG_WARN_OBJC_ROOT_CLASS = YES_ERROR;
				CLANG_WARN_RANGE_LOOP_ANALYSIS = YES;
				CLANG_WARN_STRICT_PROTOTYPES = YES;
				CLANG_WARN_SUSPICIOUS_MOVE = YES;
				CLANG_WARN_UNGUARDED_AVAILABILITY = YES_AGGRESSIVE;
				CLANG_WARN_UNREACHABLE_CODE = YES;
				CLANG_WARN__DUPLICATE_METHOD_MATCH = YES;
				CODE_SIGN_IDENTITY = "iPhone Developer";
				COPY_PHASE_STRIP = NO;
				DEBUG_INFORMATION_FORMAT = "dwarf-with-dsym";
				ENABLE_NS_ASSERTIONS = NO;
				ENABLE_STRICT_OBJC_MSGSEND = YES;
				GCC_C_LANGUAGE_STANDARD = gnu11;
				GCC_NO_COMMON_BLOCKS = YES;
				GCC_WARN_64_TO_32_BIT_CONVERSION = YES;
				GCC_WARN_ABOUT_RETURN_TYPE = YES_ERROR;
				GCC_WARN_UNDECLARED_SELECTOR = YES;
				GCC_WARN_UNINITIALIZED_AUTOS = YES_AGGRESSIVE;
				GCC_WARN_UNUSED_FUNCTION = YES;
				GCC_WARN_UNUSED_VARIABLE = YES;
				IPHONEOS_DEPLOYMENT_TARGET = 12.1;
				MTL_ENABLE_DEBUG_INFO = NO;
				MTL_FAST_MATH = YES;
				SDKROOT = iphoneos;
				VALIDATE_PRODUCT = YES;
			};
			name = Release;
		};
		B6ADBE3E224B4BD70001F3F3 /* Debug */ = {
			isa = XCBuildConfiguration;
			baseConfigurationReference = 999FEEBB573B698DFBAED90B /* Pods-AnimationDemo.debug.xcconfig */;
			buildSettings = {
				ASSETCATALOG_COMPILER_APPICON_NAME = AppIcon;
				CODE_SIGN_STYLE = Automatic;
				HEADER_SEARCH_PATHS = "$(SRCROOT)/**";
				INFOPLIST_FILE = AnimationDemo/Info.plist;
				LD_RUNPATH_SEARCH_PATHS = (
					"$(inherited)",
					"@executable_path/Frameworks",
				);
				PRODUCT_BUNDLE_IDENTIFIER = com.SGT.AnimationDemo;
				PRODUCT_NAME = "$(TARGET_NAME)";
				TARGETED_DEVICE_FAMILY = "1,2";
			};
			name = Debug;
		};
		B6ADBE3F224B4BD70001F3F3 /* Release */ = {
			isa = XCBuildConfiguration;
			baseConfigurationReference = 097C7BF2804982C8FE74343D /* Pods-AnimationDemo.release.xcconfig */;
			buildSettings = {
				ASSETCATALOG_COMPILER_APPICON_NAME = AppIcon;
				CODE_SIGN_STYLE = Automatic;
				HEADER_SEARCH_PATHS = "$(SRCROOT)/**";
				INFOPLIST_FILE = AnimationDemo/Info.plist;
				LD_RUNPATH_SEARCH_PATHS = (
					"$(inherited)",
					"@executable_path/Frameworks",
				);
				PRODUCT_BUNDLE_IDENTIFIER = com.SGT.AnimationDemo;
				PRODUCT_NAME = "$(TARGET_NAME)";
				TARGETED_DEVICE_FAMILY = "1,2";
			};
			name = Release;
		};
/* End XCBuildConfiguration section */

/* Begin XCConfigurationList section */
		B6ADBE22224B4BD20001F3F3 /* Build configuration list for PBXProject "AnimationDemo" */ = {
			isa = XCConfigurationList;
			buildConfigurations = (
				B6ADBE3B224B4BD70001F3F3 /* Debug */,
				B6ADBE3C224B4BD70001F3F3 /* Release */,
			);
			defaultConfigurationIsVisible = 0;
			defaultConfigurationName = Release;
		};
		B6ADBE3D224B4BD70001F3F3 /* Build configuration list for PBXNativeTarget "AnimationDemo" */ = {
			isa = XCConfigurationList;
			buildConfigurations = (
				B6ADBE3E224B4BD70001F3F3 /* Debug */,
				B6ADBE3F224B4BD70001F3F3 /* Release */,
			);
			defaultConfigurationIsVisible = 0;
			defaultConfigurationName = Release;
		};
/* End XCConfigurationList section */
	};
	rootObject = B6ADBE1F224B4BD20001F3F3 /* Project object */;
}
